// !$*UTF8*$!
{
	archiveVersion = 1;
	classes = {
	};
	objectVersion = 56;
	objects = {

/* Begin PBXBuildFile section */
		A0F5D370293FC6F600B9256E /* PsychoQuizApp.swift in Sources */ = {isa = PBXBuildFile; fileRef = A0F5D36F293FC6F600B9256E /* PsychoQuizApp.swift */; };
		A0F5D372293FC6F600B9256E /* LandingView.swift in Sources */ = {isa = PBXBuildFile; fileRef = A0F5D371293FC6F600B9256E /* LandingView.swift */; };
		A0F5D374293FC6F900B9256E /* Assets.xcassets in Resources */ = {isa = PBXBuildFile; fileRef = A0F5D373293FC6F900B9256E /* Assets.xcassets */; };
		A0F5D377293FC6F900B9256E /* Preview Assets.xcassets in Resources */ = {isa = PBXBuildFile; fileRef = A0F5D376293FC6F900B9256E /* Preview Assets.xcassets */; };
		A0F5D3A7293FD62E00B9256E /* ErrorView.swift in Sources */ = {isa = PBXBuildFile; fileRef = A0F5D3A6293FD62E00B9256E /* ErrorView.swift */; };
		A0F5D3AB29408CAA00B9256E /* Localizable.strings in Resources */ = {isa = PBXBuildFile; fileRef = A0F5D3AA29408CAA00B9256E /* Localizable.strings */; };
		A0F5D3AE29408DBF00B9256E /* R.swift in Sources */ = {isa = PBXBuildFile; fileRef = A0F5D3AD29408DBF00B9256E /* R.swift */; };
		A0F5D3B1294092B400B9256E /* EnvironmentValues+.swift in Sources */ = {isa = PBXBuildFile; fileRef = A0F5D3B0294092B400B9256E /* EnvironmentValues+.swift */; };
		A0F5D3BE294132ED00B9256E /* QuizView.swift in Sources */ = {isa = PBXBuildFile; fileRef = A0F5D3BD294132ED00B9256E /* QuizView.swift */; };
		A0F5D3C32944E7DE00B9256E /* PlayingQuizView.swift in Sources */ = {isa = PBXBuildFile; fileRef = A0F5D3C22944E7DE00B9256E /* PlayingQuizView.swift */; };
		A0F5D3C52944E93500B9256E /* EvaluationView.swift in Sources */ = {isa = PBXBuildFile; fileRef = A0F5D3C42944E93500B9256E /* EvaluationView.swift */; };
		A0F5D3C92945285900B9256E /* PsychoQuizViewModels in Frameworks */ = {isa = PBXBuildFile; productRef = A0F5D3C82945285900B9256E /* PsychoQuizViewModels */; };
		A0F5D3CD2945394F00B9256E /* AppViewModel+preview.swift in Sources */ = {isa = PBXBuildFile; fileRef = A0F5D3CC2945394F00B9256E /* AppViewModel+preview.swift */; };
		A0F5D3CF294539CC00B9256E /* QuizViewModel+preview.swift in Sources */ = {isa = PBXBuildFile; fileRef = A0F5D3CE294539CC00B9256E /* QuizViewModel+preview.swift */; };
		A0F5D3D229453AA700B9256E /* TraitQuiz.json in Resources */ = {isa = PBXBuildFile; fileRef = A0F5D3D129453AA700B9256E /* TraitQuiz.json */; };
/* End PBXBuildFile section */

/* Begin PBXFileReference section */
		A0F5D36C293FC6F600B9256E /* PsychoQuiz.app */ = {isa = PBXFileReference; explicitFileType = wrapper.application; includeInIndex = 0; path = PsychoQuiz.app; sourceTree = BUILT_PRODUCTS_DIR; };
		A0F5D36F293FC6F600B9256E /* PsychoQuizApp.swift */ = {isa = PBXFileReference; lastKnownFileType = sourcecode.swift; path = PsychoQuizApp.swift; sourceTree = "<group>"; };
		A0F5D371293FC6F600B9256E /* LandingView.swift */ = {isa = PBXFileReference; lastKnownFileType = sourcecode.swift; path = LandingView.swift; sourceTree = "<group>"; };
		A0F5D373293FC6F900B9256E /* Assets.xcassets */ = {isa = PBXFileReference; lastKnownFileType = folder.assetcatalog; path = Assets.xcassets; sourceTree = "<group>"; };
		A0F5D376293FC6F900B9256E /* Preview Assets.xcassets */ = {isa = PBXFileReference; lastKnownFileType = folder.assetcatalog; path = "Preview Assets.xcassets"; sourceTree = "<group>"; };
		A0F5D3A6293FD62E00B9256E /* ErrorView.swift */ = {isa = PBXFileReference; lastKnownFileType = sourcecode.swift; path = ErrorView.swift; sourceTree = "<group>"; };
		A0F5D3AA29408CAA00B9256E /* Localizable.strings */ = {isa = PBXFileReference; lastKnownFileType = text.plist.strings; path = Localizable.strings; sourceTree = "<group>"; };
		A0F5D3AD29408DBF00B9256E /* R.swift */ = {isa = PBXFileReference; lastKnownFileType = sourcecode.swift; path = R.swift; sourceTree = "<group>"; };
		A0F5D3B0294092B400B9256E /* EnvironmentValues+.swift */ = {isa = PBXFileReference; lastKnownFileType = sourcecode.swift; path = "EnvironmentValues+.swift"; sourceTree = "<group>"; };
		A0F5D3BD294132ED00B9256E /* QuizView.swift */ = {isa = PBXFileReference; lastKnownFileType = sourcecode.swift; path = QuizView.swift; sourceTree = "<group>"; };
		A0F5D3C22944E7DE00B9256E /* PlayingQuizView.swift */ = {isa = PBXFileReference; lastKnownFileType = sourcecode.swift; path = PlayingQuizView.swift; sourceTree = "<group>"; };
		A0F5D3C42944E93500B9256E /* EvaluationView.swift */ = {isa = PBXFileReference; lastKnownFileType = sourcecode.swift; path = EvaluationView.swift; sourceTree = "<group>"; };
		A0F5D3C62945282E00B9256E /* PsychoQuizViewModels */ = {isa = PBXFileReference; lastKnownFileType = wrapper; name = PsychoQuizViewModels; path = ../PsychoQuizViewModels; sourceTree = "<group>"; };
		A0F5D3CC2945394F00B9256E /* AppViewModel+preview.swift */ = {isa = PBXFileReference; lastKnownFileType = sourcecode.swift; path = "AppViewModel+preview.swift"; sourceTree = "<group>"; };
		A0F5D3CE294539CC00B9256E /* QuizViewModel+preview.swift */ = {isa = PBXFileReference; lastKnownFileType = sourcecode.swift; path = "QuizViewModel+preview.swift"; sourceTree = "<group>"; };
		A0F5D3D129453AA700B9256E /* TraitQuiz.json */ = {isa = PBXFileReference; lastKnownFileType = text.json; path = TraitQuiz.json; sourceTree = "<group>"; };
/* End PBXFileReference section */

/* Begin PBXFrameworksBuildPhase section */
		A0F5D369293FC6F600B9256E /* Frameworks */ = {
			isa = PBXFrameworksBuildPhase;
			buildActionMask = 2147483647;
			files = (
				A0F5D3C92945285900B9256E /* PsychoQuizViewModels in Frameworks */,
			);
			runOnlyForDeploymentPostprocessing = 0;
		};
/* End PBXFrameworksBuildPhase section */

/* Begin PBXGroup section */
		A0F5D363293FC6F600B9256E = {
			isa = PBXGroup;
			children = (
				A0F5D399293FC71A00B9256E /* Packages */,
				A0F5D36E293FC6F600B9256E /* PsychoQuiz */,
				A0F5D36D293FC6F600B9256E /* Products */,
				A0F5D3C72945285900B9256E /* Frameworks */,
			);
			sourceTree = "<group>";
		};
		A0F5D36D293FC6F600B9256E /* Products */ = {
			isa = PBXGroup;
			children = (
				A0F5D36C293FC6F600B9256E /* PsychoQuiz.app */,
			);
			name = Products;
			sourceTree = "<group>";
		};
		A0F5D36E293FC6F600B9256E /* PsychoQuiz */ = {
			isa = PBXGroup;
			children = (
				A0F5D3AA29408CAA00B9256E /* Localizable.strings */,
				A0F5D36F293FC6F600B9256E /* PsychoQuizApp.swift */,
				A0F5D373293FC6F900B9256E /* Assets.xcassets */,
				A0F5D3A2293FCFBC00B9256E /* Views */,
				A0F5D3AF2940928300B9256E /* Extensions */,
				A0F5D3AC29408D9A00B9256E /* Helpers */,
				A0F5D375293FC6F900B9256E /* Preview Content */,
			);
			path = PsychoQuiz;
			sourceTree = "<group>";
		};
		A0F5D375293FC6F900B9256E /* Preview Content */ = {
			isa = PBXGroup;
			children = (
				A0F5D3D029453A4E00B9256E /* Resources */,
				A0F5D376293FC6F900B9256E /* Preview Assets.xcassets */,
				A0F5D3CC2945394F00B9256E /* AppViewModel+preview.swift */,
				A0F5D3CE294539CC00B9256E /* QuizViewModel+preview.swift */,
			);
			path = "Preview Content";
			sourceTree = "<group>";
		};
		A0F5D399293FC71A00B9256E /* Packages */ = {
			isa = PBXGroup;
			children = (
				A0F5D3C62945282E00B9256E /* PsychoQuizViewModels */,
			);
			name = Packages;
			sourceTree = "<group>";
		};
		A0F5D3A2293FCFBC00B9256E /* Views */ = {
			isa = PBXGroup;
			children = (
				A0F5D3A6293FD62E00B9256E /* ErrorView.swift */,
				A0F5D371293FC6F600B9256E /* LandingView.swift */,
				A0F5D3BD294132ED00B9256E /* QuizView.swift */,
				A0F5D3C22944E7DE00B9256E /* PlayingQuizView.swift */,
				A0F5D3C42944E93500B9256E /* EvaluationView.swift */,
			);
			path = Views;
			sourceTree = "<group>";
		};
		A0F5D3AC29408D9A00B9256E /* Helpers */ = {
			isa = PBXGroup;
			children = (
				A0F5D3AD29408DBF00B9256E /* R.swift */,
			);
			path = Helpers;
			sourceTree = "<group>";
		};
		A0F5D3AF2940928300B9256E /* Extensions */ = {
			isa = PBXGroup;
			children = (
				A0F5D3B0294092B400B9256E /* EnvironmentValues+.swift */,
			);
			path = Extensions;
			sourceTree = "<group>";
		};
		A0F5D3C72945285900B9256E /* Frameworks */ = {
			isa = PBXGroup;
			children = (
			);
			name = Frameworks;
			sourceTree = "<group>";
		};
		A0F5D3D029453A4E00B9256E /* Resources */ = {
			isa = PBXGroup;
			children = (
				A0F5D3D129453AA700B9256E /* TraitQuiz.json */,
			);
			path = Resources;
			sourceTree = "<group>";
		};
/* End PBXGroup section */

/* Begin PBXNativeTarget section */
		A0F5D36B293FC6F600B9256E /* PsychoQuiz */ = {
			isa = PBXNativeTarget;
			buildConfigurationList = A0F5D390293FC6F900B9256E /* Build configuration list for PBXNativeTarget "PsychoQuiz" */;
			buildPhases = (
				A0F5D368293FC6F600B9256E /* Sources */,
				A0F5D369293FC6F600B9256E /* Frameworks */,
				A0F5D36A293FC6F600B9256E /* Resources */,
			);
			buildRules = (
			);
			dependencies = (
			);
			name = PsychoQuiz;
			packageProductDependencies = (
				A0F5D3C82945285900B9256E /* PsychoQuizViewModels */,
			);
			productName = PsychoQuiz;
			productReference = A0F5D36C293FC6F600B9256E /* PsychoQuiz.app */;
			productType = "com.apple.product-type.application";
		};
/* End PBXNativeTarget section */

/* Begin PBXProject section */
		A0F5D364293FC6F600B9256E /* Project object */ = {
			isa = PBXProject;
			attributes = {
				BuildIndependentTargetsInParallel = 1;
				LastSwiftUpdateCheck = 1410;
				LastUpgradeCheck = 1410;
				TargetAttributes = {
					A0F5D36B293FC6F600B9256E = {
						CreatedOnToolsVersion = 14.1;
					};
				};
			};
			buildConfigurationList = A0F5D367293FC6F600B9256E /* Build configuration list for PBXProject "PsychoQuiz" */;
			compatibilityVersion = "Xcode 14.0";
			developmentRegion = en;
			hasScannedForEncodings = 0;
			knownRegions = (
				en,
				Base,
			);
			mainGroup = A0F5D363293FC6F600B9256E;
			productRefGroup = A0F5D36D293FC6F600B9256E /* Products */;
			projectDirPath = "";
			projectRoot = "";
			targets = (
				A0F5D36B293FC6F600B9256E /* PsychoQuiz */,
			);
		};
/* End PBXProject section */

/* Begin PBXResourcesBuildPhase section */
		A0F5D36A293FC6F600B9256E /* Resources */ = {
			isa = PBXResourcesBuildPhase;
			buildActionMask = 2147483647;
			files = (
				A0F5D377293FC6F900B9256E /* Preview Assets.xcassets in Resources */,
				A0F5D3AB29408CAA00B9256E /* Localizable.strings in Resources */,
				A0F5D374293FC6F900B9256E /* Assets.xcassets in Resources */,
				A0F5D3D229453AA700B9256E /* TraitQuiz.json in Resources */,
			);
			runOnlyForDeploymentPostprocessing = 0;
		};
/* End PBXResourcesBuildPhase section */

/* Begin PBXSourcesBuildPhase section */
		A0F5D368293FC6F600B9256E /* Sources */ = {
			isa = PBXSourcesBuildPhase;
			buildActionMask = 2147483647;
			files = (
				A0F5D3AE29408DBF00B9256E /* R.swift in Sources */,
				A0F5D3CF294539CC00B9256E /* QuizViewModel+preview.swift in Sources */,
				A0F5D372293FC6F600B9256E /* LandingView.swift in Sources */,
				A0F5D3B1294092B400B9256E /* EnvironmentValues+.swift in Sources */,
				A0F5D3C52944E93500B9256E /* EvaluationView.swift in Sources */,
				A0F5D370293FC6F600B9256E /* PsychoQuizApp.swift in Sources */,
				A0F5D3BE294132ED00B9256E /* QuizView.swift in Sources */,
				A0F5D3C32944E7DE00B9256E /* PlayingQuizView.swift in Sources */,
				A0F5D3CD2945394F00B9256E /* AppViewModel+preview.swift in Sources */,
				A0F5D3A7293FD62E00B9256E /* ErrorView.swift in Sources */,
			);
			runOnlyForDeploymentPostprocessing = 0;
		};
/* End PBXSourcesBuildPhase section */

/* Begin XCBuildConfiguration section */
		A0F5D38E293FC6F900B9256E /* Debug */ = {
			isa = XCBuildConfiguration;
			buildSettings = {
				ALWAYS_SEARCH_USER_PATHS = NO;
				CLANG_ANALYZER_NONNULL = YES;
				CLANG_ANALYZER_NUMBER_OBJECT_CONVERSION = YES_AGGRESSIVE;
				CLANG_CXX_LANGUAGE_STANDARD = "gnu++20";
				CLANG_ENABLE_MODULES = YES;
				CLANG_ENABLE_OBJC_ARC = YES;
				CLANG_ENABLE_OBJC_WEAK = YES;
				CLANG_WARN_BLOCK_CAPTURE_AUTORELEASING = YES;
				CLANG_WARN_BOOL_CONVERSION = YES;
				CLANG_WARN_COMMA = YES;
				CLANG_WARN_CONSTANT_CONVERSION = YES;
				CLANG_WARN_DEPRECATED_OBJC_IMPLEMENTATIONS = YES;
				CLANG_WARN_DIRECT_OBJC_ISA_USAGE = YES_ERROR;
				CLANG_WARN_DOCUMENTATION_COMMENTS = YES;
				CLANG_WARN_EMPTY_BODY = YES;
				CLANG_WARN_ENUM_CONVERSION = YES;
				CLANG_WARN_INFINITE_RECURSION = YES;
				CLANG_WARN_INT_CONVERSION = YES;
				CLANG_WARN_NON_LITERAL_NULL_CONVERSION = YES;
				CLANG_WARN_OBJC_IMPLICIT_RETAIN_SELF = YES;
				CLANG_WARN_OBJC_LITERAL_CONVERSION = YES;
				CLANG_WARN_OBJC_ROOT_CLASS = YES_ERROR;
				CLANG_WARN_QUOTED_INCLUDE_IN_FRAMEWORK_HEADER = YES;
				CLANG_WARN_RANGE_LOOP_ANALYSIS = YES;
				CLANG_WARN_STRICT_PROTOTYPES = YES;
				CLANG_WARN_SUSPICIOUS_MOVE = YES;
				CLANG_WARN_UNGUARDED_AVAILABILITY = YES_AGGRESSIVE;
				CLANG_WARN_UNREACHABLE_CODE = YES;
				CLANG_WARN__DUPLICATE_METHOD_MATCH = YES;
				COPY_PHASE_STRIP = NO;
				DEBUG_INFORMATION_FORMAT = dwarf;
				ENABLE_STRICT_OBJC_MSGSEND = YES;
				ENABLE_TESTABILITY = YES;
				GCC_C_LANGUAGE_STANDARD = gnu11;
				GCC_DYNAMIC_NO_PIC = NO;
				GCC_NO_COMMON_BLOCKS = YES;
				GCC_OPTIMIZATION_LEVEL = 0;
				GCC_PREPROCESSOR_DEFINITIONS = (
					"DEBUG=1",
					"$(inherited)",
				);
				GCC_WARN_64_TO_32_BIT_CONVERSION = YES;
				GCC_WARN_ABOUT_RETURN_TYPE = YES_ERROR;
				GCC_WARN_UNDECLARED_SELECTOR = YES;
				GCC_WARN_UNINITIALIZED_AUTOS = YES_AGGRESSIVE;
				GCC_WARN_UNUSED_FUNCTION = YES;
				GCC_WARN_UNUSED_VARIABLE = YES;
				IPHONEOS_DEPLOYMENT_TARGET = 16.0;
				MTL_ENABLE_DEBUG_INFO = INCLUDE_SOURCE;
				MTL_FAST_MATH = YES;
				ONLY_ACTIVE_ARCH = YES;
				SDKROOT = iphoneos;
				SWIFT_ACTIVE_COMPILATION_CONDITIONS = DEBUG;
				SWIFT_OPTIMIZATION_LEVEL = "-Onone";
				SWIFT_STRICT_CONCURRENCY = complete;
			};
			name = Debug;
		};
		A0F5D38F293FC6F900B9256E /* Release */ = {
			isa = XCBuildConfiguration;
			buildSettings = {
				ALWAYS_SEARCH_USER_PATHS = NO;
				CLANG_ANALYZER_NONNULL = YES;
				CLANG_ANALYZER_NUMBER_OBJECT_CONVERSION = YES_AGGRESSIVE;
				CLANG_CXX_LANGUAGE_STANDARD = "gnu++20";
				CLANG_ENABLE_MODULES = YES;
				CLANG_ENABLE_OBJC_ARC = YES;
				CLANG_ENABLE_OBJC_WEAK = YES;
				CLANG_WARN_BLOCK_CAPTURE_AUTORELEASING = YES;
				CLANG_WARN_BOOL_CONVERSION = YES;
				CLANG_WARN_COMMA = YES;
				CLANG_WARN_CONSTANT_CONVERSION = YES;
				CLANG_WARN_DEPRECATED_OBJC_IMPLEMENTATIONS = YES;
				CLANG_WARN_DIRECT_OBJC_ISA_USAGE = YES_ERROR;
				CLANG_WARN_DOCUMENTATION_COMMENTS = YES;
				CLANG_WARN_EMPTY_BODY = YES;
				CLANG_WARN_ENUM_CONVERSION = YES;
				CLANG_WARN_INFINITE_RECURSION = YES;
				CLANG_WARN_INT_CONVERSION = YES;
				CLANG_WARN_NON_LITERAL_NULL_CONVERSION = YES;
				CLANG_WARN_OBJC_IMPLICIT_RETAIN_SELF = YES;
				CLANG_WARN_OBJC_LITERAL_CONVERSION = YES;
				CLANG_WARN_OBJC_ROOT_CLASS = YES_ERROR;
				CLANG_WARN_QUOTED_INCLUDE_IN_FRAMEWORK_HEADER = YES;
				CLANG_WARN_RANGE_LOOP_ANALYSIS = YES;
				CLANG_WARN_STRICT_PROTOTYPES = YES;
				CLANG_WARN_SUSPICIOUS_MOVE = YES;
				CLANG_WARN_UNGUARDED_AVAILABILITY = YES_AGGRESSIVE;
				CLANG_WARN_UNREACHABLE_CODE = YES;
				CLANG_WARN__DUPLICATE_METHOD_MATCH = YES;
				COPY_PHASE_STRIP = NO;
				DEBUG_INFORMATION_FORMAT = "dwarf-with-dsym";
				ENABLE_NS_ASSERTIONS = NO;
				ENABLE_STRICT_OBJC_MSGSEND = YES;
				GCC_C_LANGUAGE_STANDARD = gnu11;
				GCC_NO_COMMON_BLOCKS = YES;
				GCC_WARN_64_TO_32_BIT_CONVERSION = YES;
				GCC_WARN_ABOUT_RETURN_TYPE = YES_ERROR;
				GCC_WARN_UNDECLARED_SELECTOR = YES;
				GCC_WARN_UNINITIALIZED_AUTOS = YES_AGGRESSIVE;
				GCC_WARN_UNUSED_FUNCTION = YES;
				GCC_WARN_UNUSED_VARIABLE = YES;
				IPHONEOS_DEPLOYMENT_TARGET = 16.0;
				MTL_ENABLE_DEBUG_INFO = NO;
				MTL_FAST_MATH = YES;
				SDKROOT = iphoneos;
				SWIFT_COMPILATION_MODE = wholemodule;
				SWIFT_OPTIMIZATION_LEVEL = "-O";
				SWIFT_STRICT_CONCURRENCY = complete;
				VALIDATE_PRODUCT = YES;
			};
			name = Release;
		};
		A0F5D391293FC6F900B9256E /* Debug */ = {
			isa = XCBuildConfiguration;
			buildSettings = {
				ASSETCATALOG_COMPILER_APPICON_NAME = AppIcon;
				ASSETCATALOG_COMPILER_GLOBAL_ACCENT_COLOR_NAME = AccentColor;
				CODE_SIGN_STYLE = Automatic;
				CURRENT_PROJECT_VERSION = 1;
				DEVELOPMENT_ASSET_PATHS = "\"PsychoQuiz/Preview Content\"";
				DEVELOPMENT_TEAM = M44JQE4CS4;
				ENABLE_PREVIEWS = YES;
				GENERATE_INFOPLIST_FILE = YES;
				INFOPLIST_KEY_UIApplicationSceneManifest_Generation = YES;
				INFOPLIST_KEY_UIApplicationSupportsIndirectInputEvents = YES;
				INFOPLIST_KEY_UILaunchScreen_Generation = YES;
				INFOPLIST_KEY_UISupportedInterfaceOrientations_iPad = "UIInterfaceOrientationPortrait UIInterfaceOrientationPortraitUpsideDown UIInterfaceOrientationLandscapeLeft UIInterfaceOrientationLandscapeRight";
				INFOPLIST_KEY_UISupportedInterfaceOrientations_iPhone = "UIInterfaceOrientationPortrait UIInterfaceOrientationLandscapeLeft UIInterfaceOrientationLandscapeRight";
				LD_RUNPATH_SEARCH_PATHS = (
					"$(inherited)",
					"@executable_path/Frameworks",
				);
				MARKETING_VERSION = 1.0;
				PRODUCT_BUNDLE_IDENTIFIER = com.hibernat.PsychoQuiz;
				PRODUCT_NAME = "$(TARGET_NAME)";
				SWIFT_EMIT_LOC_STRINGS = YES;
				SWIFT_VERSION = 5.0;
				TARGETED_DEVICE_FAMILY = "1,2";
			};
			name = Debug;
		};
		A0F5D392293FC6F900B9256E /* Release */ = {
			isa = XCBuildConfiguration;
			buildSettings = {
				ASSETCATALOG_COMPILER_APPICON_NAME = AppIcon;
				ASSETCATALOG_COMPILER_GLOBAL_ACCENT_COLOR_NAME = AccentColor;
				CODE_SIGN_STYLE = Automatic;
				CURRENT_PROJECT_VERSION = 1;
				DEVELOPMENT_ASSET_PATHS = "\"PsychoQuiz/Preview Content\"";
				DEVELOPMENT_TEAM = M44JQE4CS4;
				ENABLE_PREVIEWS = YES;
				GENERATE_INFOPLIST_FILE = YES;
				INFOPLIST_KEY_UIApplicationSceneManifest_Generation = YES;
				INFOPLIST_KEY_UIApplicationSupportsIndirectInputEvents = YES;
				INFOPLIST_KEY_UILaunchScreen_Generation = YES;
				INFOPLIST_KEY_UISupportedInterfaceOrientations_iPad = "UIInterfaceOrientationPortrait UIInterfaceOrientationPortraitUpsideDown UIInterfaceOrientationLandscapeLeft UIInterfaceOrientationLandscapeRight";
				INFOPLIST_KEY_UISupportedInterfaceOrientations_iPhone = "UIInterfaceOrientationPortrait UIInterfaceOrientationLandscapeLeft UIInterfaceOrientationLandscapeRight";
				LD_RUNPATH_SEARCH_PATHS = (
					"$(inherited)",
					"@executable_path/Frameworks",
				);
				MARKETING_VERSION = 1.0;
				PRODUCT_BUNDLE_IDENTIFIER = com.hibernat.PsychoQuiz;
				PRODUCT_NAME = "$(TARGET_NAME)";
				SWIFT_EMIT_LOC_STRINGS = YES;
				SWIFT_VERSION = 5.0;
				TARGETED_DEVICE_FAMILY = "1,2";
			};
			name = Release;
		};
/* End XCBuildConfiguration section */

/* Begin XCConfigurationList section */
		A0F5D367293FC6F600B9256E /* Build configuration list for PBXProject "PsychoQuiz" */ = {
			isa = XCConfigurationList;
			buildConfigurations = (
				A0F5D38E293FC6F900B9256E /* Debug */,
				A0F5D38F293FC6F900B9256E /* Release */,
			);
			defaultConfigurationIsVisible = 0;
			defaultConfigurationName = Release;
		};
		A0F5D390293FC6F900B9256E /* Build configuration list for PBXNativeTarget "PsychoQuiz" */ = {
			isa = XCConfigurationList;
			buildConfigurations = (
				A0F5D391293FC6F900B9256E /* Debug */,
				A0F5D392293FC6F900B9256E /* Release */,
			);
			defaultConfigurationIsVisible = 0;
			defaultConfigurationName = Release;
		};
/* End XCConfigurationList section */

/* Begin XCSwiftPackageProductDependency section */
		A0F5D3C82945285900B9256E /* PsychoQuizViewModels */ = {
			isa = XCSwiftPackageProductDependency;
			productName = PsychoQuizViewModels;
		};
/* End XCSwiftPackageProductDependency section */
	};
	rootObject = A0F5D364293FC6F600B9256E /* Project object */;
}
